PODS:
  - FBSnapshotTestCase (2.0.7):
    - FBSnapshotTestCase/SwiftSupport (= 2.0.7)
  - FBSnapshotTestCase/Core (2.0.7)
  - FBSnapshotTestCase/SwiftSupport (2.0.7):
    - FBSnapshotTestCase/Core
  - KanjiBezierPaths (0.1.0)
  - StrokeDrawingView (0.1.1)

DEPENDENCIES:
  - FBSnapshotTestCase
  - KanjiBezierPaths (from `https://github.com/haawa799/KanjiBezierPaths.git`)
  - StrokeDrawingView (from `../`)

EXTERNAL SOURCES:
  KanjiBezierPaths:
    :git: https://github.com/haawa799/KanjiBezierPaths.git
  StrokeDrawingView:
    :path: "../"

CHECKOUT OPTIONS:
  KanjiBezierPaths:
    :commit: 3d840dcb970b322d73c28e5dfea89697a50ecb9f
    :git: https://github.com/haawa799/KanjiBezierPaths.git

SPEC CHECKSUMS:
  FBSnapshotTestCase: 7e85180d0d141a0cf472352edda7e80d7eaeb547
  KanjiBezierPaths: 3cd4278db5b04f6628eb9005109a70093c831056
  StrokeDrawingView: 5d26664a4391804118fbfc2b3d4a5235a0057749

COCOAPODS: 0.39.0
