PODS:
  - AWSQLiteDB (0.1.2)
  - FBSnapshotTestCase (2.0.7):
    - FBSnapshotTestCase/SwiftSupport (= 2.0.7)
  - FBSnapshotTestCase/Core (2.0.7)
  - FBSnapshotTestCase/SwiftSupport (2.0.7):
    - FBSnapshotTestCase/Core
  - KanjiBezierPaths (0.1.0):
    - AWSQLiteDB
  - StrokeDrawingView (0.1.1)

DEPENDENCIES:
  - FBSnapshotTestCase
  - KanjiBezierPaths (from `https://github.com/haawa799/KanjiBezierPaths.git`)
  - StrokeDrawingView (from `../`)

EXTERNAL SOURCES:
  KanjiBezierPaths:
    :git: https://github.com/haawa799/KanjiBezierPaths.git
  StrokeDrawingView:
    :path: "../"

CHECKOUT OPTIONS:
  KanjiBezierPaths:
    :commit: 3eb70668cde480ab24698d211c30a28a6378d13d
    :git: https://github.com/haawa799/KanjiBezierPaths.git

SPEC CHECKSUMS:
  AWSQLiteDB: 233c76f09d185268b77102860e4435773e93dbc1
  FBSnapshotTestCase: 7e85180d0d141a0cf472352edda7e80d7eaeb547
  KanjiBezierPaths: ea25ba285699b1b506492597df9e02a93ffbc1ef
  StrokeDrawingView: 5d26664a4391804118fbfc2b3d4a5235a0057749

COCOAPODS: 0.39.0
